
Microsoft Visual Studio Solution File, Format Version 12.00
Project("{2150E333-8FDC-42A3-9474-1A3956D46DE8}") = "Integrations", "Integrations", "{64BE47AB-0A61-44E8-BC75-B66E77B271DD}"
EndProject
Project("{FAE04EC0-301F-11D3-BF4B-00C04F79EFBC}") = "TestAssesment.Integrations.Omdb", "src\TestAssesment.Integrations.Omdb\TestAssesment.Integrations.Omdb.csproj", "{9150E6CE-8AF0-45D1-BC50-9E0E9E9C73A4}"
EndProject
Project("{FAE04EC0-301F-11D3-BF4B-00C04F79EFBC}") = "TestAssesment.Web", "src\TestAssesment.Web\TestAssesment.Web.csproj", "{3AA6DB3F-4350-45A9-8416-127D4DF3AB47}"
EndProject
Project("{2150E333-8FDC-42A3-9474-1A3956D46DE8}") = "Data", "Data", "{6EC93ABF-9D47-40D0-B375-5CD0C62EE109}"
EndProject
Project("{FAE04EC0-301F-11D3-BF4B-00C04F79EFBC}") = "TestAssesment.Data.DataAccess", "src\TestAssesment.Data.DataAccess\TestAssesment.Data.DataAccess.csproj", "{1E9FAF6E-C3AF-44FE-8D6A-8E81046CB2E7}"
EndProject
Project("{FAE04EC0-301F-11D3-BF4B-00C04F79EFBC}") = "TestAssesment.Data.Services", "src\TestAssesment.Data.Services\TestAssesment.Data.Services.csproj", "{237AFF56-E9AD-4F81-AA8F-57CCF2CCA48E}"
EndProject
Project("{2150E333-8FDC-42A3-9474-1A3956D46DE8}") = "Tests", "Tests", "{E28BF19A-AC43-4FCF-BA69-2922371FE1B5}"
EndProject
Project("{FAE04EC0-301F-11D3-BF4B-00C04F79EFBC}") = "TestAssesment.Tests", "TestAssesment.Tests\TestAssesment.Tests.csproj", "{8972ED18-688A-4C5F-BA69-9EB46DBDBBEE}"
EndProject
Project("{FAE04EC0-301F-11D3-BF4B-00C04F79EFBC}") = "TestAssesment.Services", "src\TestAssesment.Services\TestAssesment.Services.csproj", "{D248A68B-C98B-4AA2-BDA9-870E5EACEB17}"
EndProject
Global
	GlobalSection(SolutionConfigurationPlatforms) = preSolution
		Debug|Any CPU = Debug|Any CPU
		Release|Any CPU = Release|Any CPU
	EndGlobalSection
	GlobalSection(ProjectConfigurationPlatforms) = postSolution
		{9150E6CE-8AF0-45D1-BC50-9E0E9E9C73A4}.Debug|Any CPU.ActiveCfg = Debug|Any CPU
		{9150E6CE-8AF0-45D1-BC50-9E0E9E9C73A4}.Debug|Any CPU.Build.0 = Debug|Any CPU
		{9150E6CE-8AF0-45D1-BC50-9E0E9E9C73A4}.Release|Any CPU.ActiveCfg = Release|Any CPU
		{9150E6CE-8AF0-45D1-BC50-9E0E9E9C73A4}.Release|Any CPU.Build.0 = Release|Any CPU
		{3AA6DB3F-4350-45A9-8416-127D4DF3AB47}.Debug|Any CPU.ActiveCfg = Debug|Any CPU
		{3AA6DB3F-4350-45A9-8416-127D4DF3AB47}.Debug|Any CPU.Build.0 = Debug|Any CPU
		{3AA6DB3F-4350-45A9-8416-127D4DF3AB47}.Release|Any CPU.ActiveCfg = Release|Any CPU
		{3AA6DB3F-4350-45A9-8416-127D4DF3AB47}.Release|Any CPU.Build.0 = Release|Any CPU
		{1E9FAF6E-C3AF-44FE-8D6A-8E81046CB2E7}.Debug|Any CPU.ActiveCfg = Debug|Any CPU
		{1E9FAF6E-C3AF-44FE-8D6A-8E81046CB2E7}.Debug|Any CPU.Build.0 = Debug|Any CPU
		{1E9FAF6E-C3AF-44FE-8D6A-8E81046CB2E7}.Release|Any CPU.ActiveCfg = Release|Any CPU
		{1E9FAF6E-C3AF-44FE-8D6A-8E81046CB2E7}.Release|Any CPU.Build.0 = Release|Any CPU
		{237AFF56-E9AD-4F81-AA8F-57CCF2CCA48E}.Debug|Any CPU.ActiveCfg = Debug|Any CPU
		{237AFF56-E9AD-4F81-AA8F-57CCF2CCA48E}.Debug|Any CPU.Build.0 = Debug|Any CPU
		{237AFF56-E9AD-4F81-AA8F-57CCF2CCA48E}.Release|Any CPU.ActiveCfg = Release|Any CPU
		{237AFF56-E9AD-4F81-AA8F-57CCF2CCA48E}.Release|Any CPU.Build.0 = Release|Any CPU
		{8972ED18-688A-4C5F-BA69-9EB46DBDBBEE}.Debug|Any CPU.ActiveCfg = Debug|Any CPU
		{8972ED18-688A-4C5F-BA69-9EB46DBDBBEE}.Debug|Any CPU.Build.0 = Debug|Any CPU
		{8972ED18-688A-4C5F-BA69-9EB46DBDBBEE}.Release|Any CPU.ActiveCfg = Release|Any CPU
		{8972ED18-688A-4C5F-BA69-9EB46DBDBBEE}.Release|Any CPU.Build.0 = Release|Any CPU
		{D248A68B-C98B-4AA2-BDA9-870E5EACEB17}.Debug|Any CPU.ActiveCfg = Debug|Any CPU
		{D248A68B-C98B-4AA2-BDA9-870E5EACEB17}.Debug|Any CPU.Build.0 = Debug|Any CPU
		{D248A68B-C98B-4AA2-BDA9-870E5EACEB17}.Release|Any CPU.ActiveCfg = Release|Any CPU
		{D248A68B-C98B-4AA2-BDA9-870E5EACEB17}.Release|Any CPU.Build.0 = Release|Any CPU
	EndGlobalSection
	GlobalSection(NestedProjects) = preSolution
		{9150E6CE-8AF0-45D1-BC50-9E0E9E9C73A4} = {64BE47AB-0A61-44E8-BC75-B66E77B271DD}
		{1E9FAF6E-C3AF-44FE-8D6A-8E81046CB2E7} = {6EC93ABF-9D47-40D0-B375-5CD0C62EE109}
		{237AFF56-E9AD-4F81-AA8F-57CCF2CCA48E} = {6EC93ABF-9D47-40D0-B375-5CD0C62EE109}
		{8972ED18-688A-4C5F-BA69-9EB46DBDBBEE} = {E28BF19A-AC43-4FCF-BA69-2922371FE1B5}
	EndGlobalSection
EndGlobal
